
Microsoft Visual Studio Solution File, Format Version 12.00
# Visual Studio Version 16
VisualStudioVersion = 16.0.30406.217
MinimumVisualStudioVersion = 10.0.40219.1
Project("{FAE04EC0-301F-11D3-BF4B-00C04F79EFBC}") = "ConvertDataFiles", "ConvertDataFiles.csproj", "{CCB8BF57-2226-4B36-B644-6905BD4FC29A}"
EndProject
Global
	GlobalSection(SolutionConfigurationPlatforms) = preSolution
		Debug|Any CPU = Debug|Any CPU
		Release|Any CPU = Release|Any CPU
	EndGlobalSection
	GlobalSection(ProjectConfigurationPlatforms) = postSolution
		{CCB8BF57-2226-4B36-B644-6905BD4FC29A}.Debug|Any CPU.ActiveCfg = Debug|Any CPU
		{CCB8BF57-2226-4B36-B644-6905BD4FC29A}.Debug|Any CPU.Build.0 = Debug|Any CPU
		{CCB8BF57-2226-4B36-B644-6905BD4FC29A}.Release|Any CPU.ActiveCfg = Release|Any CPU
		{CCB8BF57-2226-4B36-B644-6905BD4FC29A}.Release|Any CPU.Build.0 = Release|Any CPU
	EndGlobalSection
	GlobalSection(SolutionProperties) = preSolution
		HideSolutionNode = FALSE
	EndGlobalSection
	GlobalSection(ExtensibilityGlobals) = postSolution
		SolutionGuid = {8044B594-4640-435C-9611-9FD7259C2C74}
	EndGlobalSection
EndGlobal
